
Microsoft Visual Studio Solution File, Format Version 12.00
Project("{FAE04EC0-301F-11D3-BF4B-00C04F79EFBC}") = "USATU_OOP_LW_1", "USATU_OOP_LW_1\USATU_OOP_LW_1.csproj", "{F26978A3-2F1E-474C-B07F-3E51FACC96C2}"
EndProject
Global
	GlobalSection(SolutionConfigurationPlatforms) = preSolution
		Debug|Any CPU = Debug|Any CPU
		Release|Any CPU = Release|Any CPU
	EndGlobalSection
	GlobalSection(ProjectConfigurationPlatforms) = postSolution
		{F26978A3-2F1E-474C-B07F-3E51FACC96C2}.Debug|Any CPU.ActiveCfg = Debug|Any CPU
		{F26978A3-2F1E-474C-B07F-3E51FACC96C2}.Debug|Any CPU.Build.0 = Debug|Any CPU
		{F26978A3-2F1E-474C-B07F-3E51FACC96C2}.Release|Any CPU.ActiveCfg = Release|Any CPU
		{F26978A3-2F1E-474C-B07F-3E51FACC96C2}.Release|Any CPU.Build.0 = Release|Any CPU
	EndGlobalSection
EndGlobal
